
Microsoft Visual Studio Solution File, Format Version 12.00
# Visual Studio Version 17
VisualStudioVersion = 17.4.33403.182
MinimumVisualStudioVersion = 10.0.40219.1
Project("{FAE04EC0-301F-11D3-BF4B-00C04F79EFBC}") = "Backend", "Backend\Backend.csproj", "{17BF06B2-C117-4141-9BAB-DA1E9D8FAA7B}"
EndProject
Global
	GlobalSection(SolutionConfigurationPlatforms) = preSolution
		Debug|Any CPU = Debug|Any CPU
		Release|Any CPU = Release|Any CPU
	EndGlobalSection
	GlobalSection(ProjectConfigurationPlatforms) = postSolution
		{17BF06B2-C117-4141-9BAB-DA1E9D8FAA7B}.Debug|Any CPU.ActiveCfg = Debug|Any CPU
		{17BF06B2-C117-4141-9BAB-DA1E9D8FAA7B}.Debug|Any CPU.Build.0 = Debug|Any CPU
		{17BF06B2-C117-4141-9BAB-DA1E9D8FAA7B}.Release|Any CPU.ActiveCfg = Release|Any CPU
		{17BF06B2-C117-4141-9BAB-DA1E9D8FAA7B}.Release|Any CPU.Build.0 = Release|Any CPU
	EndGlobalSection
	GlobalSection(SolutionProperties) = preSolution
		HideSolutionNode = FALSE
	EndGlobalSection
	GlobalSection(ExtensibilityGlobals) = postSolution
		SolutionGuid = {4714F66C-F9D3-4449-9C2D-043C709CDADB}
	EndGlobalSection
EndGlobal
